
Microsoft Visual Studio Solution File, Format Version 12.00
# Visual Studio Version 17
VisualStudioVersion = 17.8.34525.116
MinimumVisualStudioVersion = 10.0.40219.1
Project("{8BC9CEB8-8B4A-11D0-8D11-00A0C91BC942}") = "Gaia", "Gaia.vcxproj", "{07641CCD-7593-45E3-B551-624D0E41555E}"
EndProject
Global
	GlobalSection(SolutionConfigurationPlatforms) = preSolution
		Debug|x64 = Debug|x64
		Debug|x86 = Debug|x86
		Release|x64 = Release|x64
		Release|x86 = Release|x86
	EndGlobalSection
	GlobalSection(ProjectConfigurationPlatforms) = postSolution
		{07641CCD-7593-45E3-B551-624D0E41555E}.Debug|x64.ActiveCfg = Debug|x64
		{07641CCD-7593-45E3-B551-624D0E41555E}.Debug|x64.Build.0 = Debug|x64
		{07641CCD-7593-45E3-B551-624D0E41555E}.Debug|x86.ActiveCfg = Debug|Win32
		{07641CCD-7593-45E3-B551-624D0E41555E}.Debug|x86.Build.0 = Debug|Win32
		{07641CCD-7593-45E3-B551-624D0E41555E}.Release|x64.ActiveCfg = Release|x64
		{07641CCD-7593-45E3-B551-624D0E41555E}.Release|x64.Build.0 = Release|x64
		{07641CCD-7593-45E3-B551-624D0E41555E}.Release|x86.ActiveCfg = Release|Win32
		{07641CCD-7593-45E3-B551-624D0E41555E}.Release|x86.Build.0 = Release|Win32
	EndGlobalSection
	GlobalSection(SolutionProperties) = preSolution
		HideSolutionNode = FALSE
	EndGlobalSection
	GlobalSection(ExtensibilityGlobals) = postSolution
		SolutionGuid = {AD194F28-DDBA-4D53-8B09-D7FC03E2139A}
	EndGlobalSection
EndGlobal
